{
  "name": "viject",
  "version": "0.0.9",
  "lockfileVersion": 2,
  "requires": true,
  "packages": {
    "": {
      "name": "viject",
      "version": "0.0.9",
      "license": "MIT",
      "dependencies": {
        "acorn": "^8.8.0",
        "acorn-jsx": "^5.3.2"
      },
      "bin": {
        "viject": "bin/viject.js"
      },
      "devDependencies": {
        "@types/node": "^18.7.16",
        "rome": "^0.9.2-next",
        "typescript": "^4.8.3"
      },
      "engines": {
        "node": ">=14.18.0"
      }
    },
    "node_modules/@rometools/cli-darwin-arm64": {
      "version": "0.9.2-next",
      "resolved": "https://registry.npmjs.org/@rometools/cli-darwin-arm64/-/cli-darwin-arm64-0.9.2-next.tgz",
      "integrity": "sha512-7i/3sRwCsz5QzGarYpiggInciSO99mH2Qx3LZ8Mf+ia1jPWBaVtGiN+GimFZEcFnYhJ6EXMNYlAuX1nJyaRSVQ==",
      "cpu": [
        "arm64"
      ],
      "dev": true,
      "optional": true,
      "os": [
        "darwin"
      ]
    },
    "node_modules/@rometools/cli-darwin-x64": {
      "version": "0.9.2-next",
      "resolved": "https://registry.npmjs.org/@rometools/cli-darwin-x64/-/cli-darwin-x64-0.9.2-next.tgz",
      "integrity": "sha512-Sy0cgqW86PT0TuyAgNHpalRXrKM5WZPnDtHKVS2QXA5Ad01dhQxPHl5SiF12ussJztHWjWDmMKAso/Uopz8ENw==",
      "cpu": [
        "x64"
      ],
      "dev": true,
      "optional": true,
      "os": [
        "darwin"
      ]
    },
    "node_modules/@rometools/cli-linux-arm64": {
      "version": "0.9.2-next",
      "resolved": "https://registry.npmjs.org/@rometools/cli-linux-arm64/-/cli-linux-arm64-0.9.2-next.tgz",
      "integrity": "sha512-WdhmT4sx1iGbjME8krEsYLmkgzJlNwv9yEjwIyhpAe87QngYF4w7KwdZeCAp28jkI8cp5vGYjTAHtbARRMUAcQ==",
      "cpu": [
        "arm64"
      ],
      "dev": true,
      "optional": true,
      "os": [
        "linux"
      ]
    },
    "node_modules/@rometools/cli-linux-x64": {
      "version": "0.9.2-next",
      "resolved": "https://registry.npmjs.org/@rometools/cli-linux-x64/-/cli-linux-x64-0.9.2-next.tgz",
      "integrity": "sha512-Pgq0srYfXqgZ/Zlv2a3BzHhh+dewddWRrSWqqhjxcLLEm5IPVqfVmq0fUbNMZYm9M7DOJbUmcMdU6lPFdV044w==",
      "cpu": [
        "x64"
      ],
      "dev": true,
      "optional": true,
      "os": [
        "linux"
      ]
    },
    "node_modules/@rometools/cli-win32-arm64": {
      "version": "0.9.2-next",
      "resolved": "https://registry.npmjs.org/@rometools/cli-win32-arm64/-/cli-win32-arm64-0.9.2-next.tgz",
      "integrity": "sha512-6+5R/IzJKxIXMefjQ03/5D+fKBSsynV9LvF3Ovtr0vsSfA3SdjRfsOlkH/bPOrWcLT96Fkdq8ATWd5Ah2NBQ6A==",
      "cpu": [
        "arm64"
      ],
      "dev": true,
      "optional": true,
      "os": [
        "win32"
      ]
    },
    "node_modules/@rometools/cli-win32-x64": {
      "version": "0.9.2-next",
      "resolved": "https://registry.npmjs.org/@rometools/cli-win32-x64/-/cli-win32-x64-0.9.2-next.tgz",
      "integrity": "sha512-cFg4mGdkWcVajk+mKWjt5g/RBaxvCrJ8qBseLSIWEh8jHfpSTbOFc5Z/Mkv7QY1WWOEUBr0bX71iqZqfh3jfOA==",
      "cpu": [
        "x64"
      ],
      "dev": true,
      "optional": true,
      "os": [
        "win32"
      ]
    },
    "node_modules/@rometools/wasm-bundler": {
      "version": "0.9.2-next",
      "resolved": "https://registry.npmjs.org/@rometools/wasm-bundler/-/wasm-bundler-0.9.2-next.tgz",
      "integrity": "sha512-sa2rpam4spyijJMGfqrxttN8QX67OyZjAb+JyFB5FGfNvd075nFdTBSuM177tgbbSwmt3n2MY23EV1aCLiGTmg==",
      "dev": true,
      "optional": true
    },
    "node_modules/@rometools/wasm-nodejs": {
      "version": "0.9.2-next",
      "resolved": "https://registry.npmjs.org/@rometools/wasm-nodejs/-/wasm-nodejs-0.9.2-next.tgz",
      "integrity": "sha512-yUTxjYZfrqXQrszRUVK/lUfRJOD5g9wfZXeRBJ4FJllGCy1CvwwR9bS09oSLIZd8zMCC02XMBBW+OZJ1b6rZrA==",
      "dev": true,
      "optional": true
    },
    "node_modules/@rometools/wasm-web": {
      "version": "0.9.2-next",
      "resolved": "https://registry.npmjs.org/@rometools/wasm-web/-/wasm-web-0.9.2-next.tgz",
      "integrity": "sha512-iZpgD4n5f2tMeSwlF50k/d8RGBkdoi7wX9YtYTXFks7mN3Z5OU7IHC1LvY28yAv0EELwMFYaaZIvhIs0jozzKw==",
      "dev": true,
      "optional": true
    },
    "node_modules/@types/node": {
      "version": "18.7.19",
      "resolved": "https://registry.npmjs.org/@types/node/-/node-18.7.19.tgz",
      "integrity": "sha512-Sq1itGUKUX1ap7GgZlrzdBydjbsJL/NSQt/4wkAxUJ7/OS5c2WkoN6WSpWc2Yc5wtKMZOUA0VCs/j2XJadN3HA==",
      "dev": true
    },
    "node_modules/acorn": {
      "version": "8.8.0",
      "resolved": "https://registry.npmjs.org/acorn/-/acorn-8.8.0.tgz",
      "integrity": "sha512-QOxyigPVrpZ2GXT+PFyZTl6TtOFc5egxHIP9IlQ+RbupQuX4RkT/Bee4/kQuC02Xkzg84JcT7oLYtDIQxp+v7w==",
      "bin": {
        "acorn": "bin/acorn"
      },
      "engines": {
        "node": ">=0.4.0"
      }
    },
    "node_modules/acorn-jsx": {
      "version": "5.3.2",
      "resolved": "https://registry.npmjs.org/acorn-jsx/-/acorn-jsx-5.3.2.tgz",
      "integrity": "sha512-rq9s+JNhf0IChjtDXxllJ7g41oZk5SlXtp0LHwyA5cejwn7vKmKp4pPri6YEePv2PU65sAsegbXtIinmDFDXgQ==",
      "peerDependencies": {
        "acorn": "^6.0.0 || ^7.0.0 || ^8.0.0"
      }
    },
    "node_modules/rome": {
      "version": "0.9.2-next",
      "resolved": "https://registry.npmjs.org/rome/-/rome-0.9.2-next.tgz",
      "integrity": "sha512-ppc7Jg3oZfmVXvs28OynJBWa26dy8201QNH3vY8RlfdzxblLOb9+ovPgcmwceSURZMNz/HS+aTpuHW8T06ciHA==",
      "dev": true,
      "hasInstallScript": true,
      "bin": {
        "rome": "bin/rome"
      },
      "engines": {
        "node": ">=14.*"
      },
      "optionalDependencies": {
        "@rometools/cli-darwin-arm64": "0.9.2-next",
        "@rometools/cli-darwin-x64": "0.9.2-next",
        "@rometools/cli-linux-arm64": "0.9.2-next",
        "@rometools/cli-linux-x64": "0.9.2-next",
        "@rometools/cli-win32-arm64": "0.9.2-next",
        "@rometools/cli-win32-x64": "0.9.2-next",
        "@rometools/wasm-bundler": "0.9.2-next",
        "@rometools/wasm-nodejs": "0.9.2-next",
        "@rometools/wasm-web": "0.9.2-next"
      }
    },
    "node_modules/typescript": {
      "version": "4.8.3",
      "resolved": "https://registry.npmjs.org/typescript/-/typescript-4.8.3.tgz",
      "integrity": "sha512-goMHfm00nWPa8UvR/CPSvykqf6dVV8x/dp0c5mFTMTIu0u0FlGWRioyy7Nn0PGAdHxpJZnuO/ut+PpQ8UiHAig==",
      "dev": true,
      "bin": {
        "tsc": "bin/tsc",
        "tsserver": "bin/tsserver"
      },
      "engines": {
        "node": ">=4.2.0"
      }
    }
  },
  "dependencies": {
    "@rometools/cli-darwin-arm64": {
      "version": "0.9.2-next",
      "resolved": "https://registry.npmjs.org/@rometools/cli-darwin-arm64/-/cli-darwin-arm64-0.9.2-next.tgz",
      "integrity": "sha512-7i/3sRwCsz5QzGarYpiggInciSO99mH2Qx3LZ8Mf+ia1jPWBaVtGiN+GimFZEcFnYhJ6EXMNYlAuX1nJyaRSVQ==",
      "dev": true,
      "optional": true
    },
    "@rometools/cli-darwin-x64": {
      "version": "0.9.2-next",
      "resolved": "https://registry.npmjs.org/@rometools/cli-darwin-x64/-/cli-darwin-x64-0.9.2-next.tgz",
      "integrity": "sha512-Sy0cgqW86PT0TuyAgNHpalRXrKM5WZPnDtHKVS2QXA5Ad01dhQxPHl5SiF12ussJztHWjWDmMKAso/Uopz8ENw==",
      "dev": true,
      "optional": true
    },
    "@rometools/cli-linux-arm64": {
      "version": "0.9.2-next",
      "resolved": "https://registry.npmjs.org/@rometools/cli-linux-arm64/-/cli-linux-arm64-0.9.2-next.tgz",
      "integrity": "sha512-WdhmT4sx1iGbjME8krEsYLmkgzJlNwv9yEjwIyhpAe87QngYF4w7KwdZeCAp28jkI8cp5vGYjTAHtbARRMUAcQ==",
      "dev": true,
      "optional": true
    },
    "@rometools/cli-linux-x64": {
      "version": "0.9.2-next",
      "resolved": "https://registry.npmjs.org/@rometools/cli-linux-x64/-/cli-linux-x64-0.9.2-next.tgz",
      "integrity": "sha512-Pgq0srYfXqgZ/Zlv2a3BzHhh+dewddWRrSWqqhjxcLLEm5IPVqfVmq0fUbNMZYm9M7DOJbUmcMdU6lPFdV044w==",
      "dev": true,
      "optional": true
    },
    "@rometools/cli-win32-arm64": {
      "version": "0.9.2-next",
      "resolved": "https://registry.npmjs.org/@rometools/cli-win32-arm64/-/cli-win32-arm64-0.9.2-next.tgz",
      "integrity": "sha512-6+5R/IzJKxIXMefjQ03/5D+fKBSsynV9LvF3Ovtr0vsSfA3SdjRfsOlkH/bPOrWcLT96Fkdq8ATWd5Ah2NBQ6A==",
      "dev": true,
      "optional": true
    },
    "@rometools/cli-win32-x64": {
      "version": "0.9.2-next",
      "resolved": "https://registry.npmjs.org/@rometools/cli-win32-x64/-/cli-win32-x64-0.9.2-next.tgz",
      "integrity": "sha512-cFg4mGdkWcVajk+mKWjt5g/RBaxvCrJ8qBseLSIWEh8jHfpSTbOFc5Z/Mkv7QY1WWOEUBr0bX71iqZqfh3jfOA==",
      "dev": true,
      "optional": true
    },
    "@rometools/wasm-bundler": {
      "version": "0.9.2-next",
      "resolved": "https://registry.npmjs.org/@rometools/wasm-bundler/-/wasm-bundler-0.9.2-next.tgz",
      "integrity": "sha512-sa2rpam4spyijJMGfqrxttN8QX67OyZjAb+JyFB5FGfNvd075nFdTBSuM177tgbbSwmt3n2MY23EV1aCLiGTmg==",
      "dev": true,
      "optional": true
    },
    "@rometools/wasm-nodejs": {
      "version": "0.9.2-next",
      "resolved": "https://registry.npmjs.org/@rometools/wasm-nodejs/-/wasm-nodejs-0.9.2-next.tgz",
      "integrity": "sha512-yUTxjYZfrqXQrszRUVK/lUfRJOD5g9wfZXeRBJ4FJllGCy1CvwwR9bS09oSLIZd8zMCC02XMBBW+OZJ1b6rZrA==",
      "dev": true,
      "optional": true
    },
    "@rometools/wasm-web": {
      "version": "0.9.2-next",
      "resolved": "https://registry.npmjs.org/@rometools/wasm-web/-/wasm-web-0.9.2-next.tgz",
      "integrity": "sha512-iZpgD4n5f2tMeSwlF50k/d8RGBkdoi7wX9YtYTXFks7mN3Z5OU7IHC1LvY28yAv0EELwMFYaaZIvhIs0jozzKw==",
      "dev": true,
      "optional": true
    },
    "@types/node": {
      "version": "18.7.19",
      "resolved": "https://registry.npmjs.org/@types/node/-/node-18.7.19.tgz",
      "integrity": "sha512-Sq1itGUKUX1ap7GgZlrzdBydjbsJL/NSQt/4wkAxUJ7/OS5c2WkoN6WSpWc2Yc5wtKMZOUA0VCs/j2XJadN3HA==",
      "dev": true
    },
    "acorn": {
      "version": "8.8.0",
      "resolved": "https://registry.npmjs.org/acorn/-/acorn-8.8.0.tgz",
      "integrity": "sha512-QOxyigPVrpZ2GXT+PFyZTl6TtOFc5egxHIP9IlQ+RbupQuX4RkT/Bee4/kQuC02Xkzg84JcT7oLYtDIQxp+v7w=="
    },
    "acorn-jsx": {
      "version": "5.3.2",
      "resolved": "https://registry.npmjs.org/acorn-jsx/-/acorn-jsx-5.3.2.tgz",
      "integrity": "sha512-rq9s+JNhf0IChjtDXxllJ7g41oZk5SlXtp0LHwyA5cejwn7vKmKp4pPri6YEePv2PU65sAsegbXtIinmDFDXgQ==",
      "requires": {}
    },
    "rome": {
      "version": "0.9.2-next",
      "resolved": "https://registry.npmjs.org/rome/-/rome-0.9.2-next.tgz",
      "integrity": "sha512-ppc7Jg3oZfmVXvs28OynJBWa26dy8201QNH3vY8RlfdzxblLOb9+ovPgcmwceSURZMNz/HS+aTpuHW8T06ciHA==",
      "dev": true,
      "requires": {
        "@rometools/cli-darwin-arm64": "0.9.2-next",
        "@rometools/cli-darwin-x64": "0.9.2-next",
        "@rometools/cli-linux-arm64": "0.9.2-next",
        "@rometools/cli-linux-x64": "0.9.2-next",
        "@rometools/cli-win32-arm64": "0.9.2-next",
        "@rometools/cli-win32-x64": "0.9.2-next",
        "@rometools/wasm-bundler": "0.9.2-next",
        "@rometools/wasm-nodejs": "0.9.2-next",
        "@rometools/wasm-web": "0.9.2-next"
      }
    },
    "typescript": {
      "version": "4.8.3",
      "resolved": "https://registry.npmjs.org/typescript/-/typescript-4.8.3.tgz",
      "integrity": "sha512-goMHfm00nWPa8UvR/CPSvykqf6dVV8x/dp0c5mFTMTIu0u0FlGWRioyy7Nn0PGAdHxpJZnuO/ut+PpQ8UiHAig==",
      "dev": true
    }
  }
}
